
Microsoft Visual Studio Solution File, Format Version 12.00
# Visual Studio Express 2013 for Windows Desktop
VisualStudioVersion = 12.0.31101.0
MinimumVisualStudioVersion = 10.0.40219.1
Project("{8BC9CEB8-8B4A-11D0-8D11-00A0C91BC942}") = "AzureEngineDemo", "AzureEngineDemo\AzureEngineDemo.vcxproj", "{BC8FDAA9-D66E-4051-A00E-BF3C5BD020E9}"
	ProjectSection(ProjectDependencies) = postProject
		{CEE9A579-82F9-41EB-AB62-0F4C23D14F8E} = {CEE9A579-82F9-41EB-AB62-0F4C23D14F8E}
	EndProjectSection
EndProject
Project("{8BC9CEB8-8B4A-11D0-8D11-00A0C91BC942}") = "AzureEngine", "AzureEngine\AzureEngine.vcxproj", "{CEE9A579-82F9-41EB-AB62-0F4C23D14F8E}"
EndProject
Global
	GlobalSection(SolutionConfigurationPlatforms) = preSolution
		Debug|Win32 = Debug|Win32
		Release|Win32 = Release|Win32
	EndGlobalSection
	GlobalSection(ProjectConfigurationPlatforms) = postSolution
		{BC8FDAA9-D66E-4051-A00E-BF3C5BD020E9}.Debug|Win32.ActiveCfg = Debug|Win32
		{BC8FDAA9-D66E-4051-A00E-BF3C5BD020E9}.Debug|Win32.Build.0 = Debug|Win32
		{BC8FDAA9-D66E-4051-A00E-BF3C5BD020E9}.Debug|Win32.Deploy.0 = Debug|Win32
		{BC8FDAA9-D66E-4051-A00E-BF3C5BD020E9}.Release|Win32.ActiveCfg = Release|Win32
		{BC8FDAA9-D66E-4051-A00E-BF3C5BD020E9}.Release|Win32.Build.0 = Release|Win32
		{CEE9A579-82F9-41EB-AB62-0F4C23D14F8E}.Debug|Win32.ActiveCfg = Debug|Win32
		{CEE9A579-82F9-41EB-AB62-0F4C23D14F8E}.Debug|Win32.Build.0 = Debug|Win32
		{CEE9A579-82F9-41EB-AB62-0F4C23D14F8E}.Release|Win32.ActiveCfg = Release|Win32
		{CEE9A579-82F9-41EB-AB62-0F4C23D14F8E}.Release|Win32.Build.0 = Release|Win32
	EndGlobalSection
	GlobalSection(SolutionProperties) = preSolution
		HideSolutionNode = FALSE
	EndGlobalSection
EndGlobal
